
Microsoft Visual Studio Solution File, Format Version 12.00
# Visual Studio Version 17
VisualStudioVersion = 17.3.32901.215
MinimumVisualStudioVersion = 10.0.40219.1
Project("{FAE04EC0-301F-11D3-BF4B-00C04F79EFBC}") = "DogGo", "DogGo\DogGo.csproj", "{BC5175FF-7762-4518-9D65-49FA0D843258}"
EndProject
Global
	GlobalSection(SolutionConfigurationPlatforms) = preSolution
		Debug|Any CPU = Debug|Any CPU
		Release|Any CPU = Release|Any CPU
	EndGlobalSection
	GlobalSection(ProjectConfigurationPlatforms) = postSolution
		{BC5175FF-7762-4518-9D65-49FA0D843258}.Debug|Any CPU.ActiveCfg = Debug|Any CPU
		{BC5175FF-7762-4518-9D65-49FA0D843258}.Debug|Any CPU.Build.0 = Debug|Any CPU
		{BC5175FF-7762-4518-9D65-49FA0D843258}.Release|Any CPU.ActiveCfg = Release|Any CPU
		{BC5175FF-7762-4518-9D65-49FA0D843258}.Release|Any CPU.Build.0 = Release|Any CPU
	EndGlobalSection
	GlobalSection(SolutionProperties) = preSolution
		HideSolutionNode = FALSE
	EndGlobalSection
	GlobalSection(ExtensibilityGlobals) = postSolution
		SolutionGuid = {5039A7C9-99C2-4A77-B383-6AA9957BA60D}
	EndGlobalSection
EndGlobal
